
Microsoft Visual Studio Solution File, Format Version 12.00
# Visual Studio 15
VisualStudioVersion = 15.0.26730.16
MinimumVisualStudioVersion = 10.0.40219.1
Project("{FAE04EC0-301F-11D3-BF4B-00C04F79EFBC}") = "TeconMoon's WiiVC Injector", "TeconMoon's WiiVC Injector\TeconMoon's WiiVC Injector.csproj", "{8228DC31-4869-4C1C-8AED-D7ED37ECF3B9}"
EndProject
Global
	GlobalSection(SolutionConfigurationPlatforms) = preSolution
		Debug|Any CPU = Debug|Any CPU
		Release|Any CPU = Release|Any CPU
	EndGlobalSection
	GlobalSection(ProjectConfigurationPlatforms) = postSolution
		{8228DC31-4869-4C1C-8AED-D7ED37ECF3B9}.Debug|Any CPU.ActiveCfg = Debug|Any CPU
		{8228DC31-4869-4C1C-8AED-D7ED37ECF3B9}.Debug|Any CPU.Build.0 = Debug|Any CPU
		{8228DC31-4869-4C1C-8AED-D7ED37ECF3B9}.Release|Any CPU.ActiveCfg = Release|Any CPU
		{8228DC31-4869-4C1C-8AED-D7ED37ECF3B9}.Release|Any CPU.Build.0 = Release|Any CPU
	EndGlobalSection
	GlobalSection(SolutionProperties) = preSolution
		HideSolutionNode = FALSE
	EndGlobalSection
	GlobalSection(ExtensibilityGlobals) = postSolution
		SolutionGuid = {03A3BE64-2666-450F-A28D-333D71299683}
	EndGlobalSection
EndGlobal
